# This file is @generated by PDM.
# It is not intended for manual editing.

[metadata]
groups = ["default"]
strategy = ["inherit_metadata"]
lock_version = "4.5.0"
content_hash = "sha256:605b24108f007c398ac33fe788eb03957ff59a2ca3436df7918659bde1b3466b"

[[metadata.targets]]
requires_python = "==3.10.*"

[[package]]
name = "freesimplegui"
version = "5.1.1"
summary = "The free-forever Python GUI framework."
groups = ["default"]
files = [
    {file = "FreeSimpleGUI-5.1.1-py3-none-any.whl", hash = "sha256:d7629d5c94b55264d119bd2a89f52667d863ea7914d808e619aea29922ff842e"},
    {file = "freesimplegui-5.1.1.tar.gz", hash = "sha256:2f0946c7ac221c997929181cbe7526e342fff5fc291a26d1d726287a5dd964fb"},
]
